PODS:
  - Alamofire (5.4.3)
  - AlamofireNetworkActivityIndicator (3.1.0):
    - Alamofire (~> 5.1)
  - BTNavigationDropdownMenu (0.7)
  - DropDown (2.3.13)
  - Floaty (4.2.0)
  - HSCycleGalleryView (1.2.0)
  - KakaoSDKAuth (2.5.2):
    - KakaoSDKCommon (= 2.5.2)
  - KakaoSDKCommon (2.5.2):
    - KakaoSDKCommon/Common (= 2.5.2)
    - KakaoSDKCommon/Network (= 2.5.2)
  - KakaoSDKCommon/Common (2.5.2)
  - KakaoSDKCommon/Network (2.5.2):
    - Alamofire (~> 5.1)
    - KakaoSDKCommon/Common (= 2.5.2)
  - KakaoSDKUser (2.5.2):
    - KakaoSDKAuth (= 2.5.2)
  - Kingfisher (6.3.1)
  - Mantis (0.52)
  - SnapKit (5.0.1)

DEPENDENCIES:
  - Alamofire
  - AlamofireNetworkActivityIndicator
  - BTNavigationDropdownMenu
  - DropDown
  - Floaty (~> 4.2.0)
  - HSCycleGalleryView (from `https://github.com/parkwinter/HSCycleGalleryView.git`, commit `52718ced5558778cea351f169f36cc81b067ffc6`)
  - KakaoSDKAuth
  - KakaoSDKCommon
  - KakaoSDKUser
  - Kingfisher
  - Mantis (~> 0.28)
  - SnapKit

SPEC REPOS:
  trunk:
    - Alamofire
    - AlamofireNetworkActivityIndicator
    - BTNavigationDropdownMenu
    - DropDown
    - Floaty
    - KakaoSDKAuth
    - KakaoSDKCommon
    - KakaoSDKUser
    - Kingfisher
    - Mantis
    - SnapKit

EXTERNAL SOURCES:
  HSCycleGalleryView:
    :commit: 52718ced5558778cea351f169f36cc81b067ffc6
    :git: https://github.com/parkwinter/HSCycleGalleryView.git

CHECKOUT OPTIONS:
  HSCycleGalleryView:
    :commit: 52718ced5558778cea351f169f36cc81b067ffc6
    :git: https://github.com/parkwinter/HSCycleGalleryView.git

SPEC CHECKSUMS:
  Alamofire: e447a2774a40c996748296fa2c55112fdbbc42f9
  AlamofireNetworkActivityIndicator: 6564782bd7b9e6c430ae67d9277af01907b01ca4
  BTNavigationDropdownMenu: 57a72c74dc211db3564f5be168f4f7643491a7de
  DropDown: 8a2116376c1981888557f72ec2ffc9a5e0e456ec
  Floaty: e2bd5a0f6f7f70899e26ff2da31081c8bee8d1b0
  HSCycleGalleryView: 5101435175a26d08f1c062cf6cb245f58f09b425
  KakaoSDKAuth: 81715662c03e4c8c1a140f293e9fd6fd68b2e9dd
  KakaoSDKCommon: 887e22f7aa4647bd0a7d1397512fc5f6211b83d6
  KakaoSDKUser: b79c1a18da69681de7c9d3fa59e83c37b711ce7e
  Kingfisher: 016c8b653a35add51dd34a3aba36b580041acc74
  Mantis: 0fb7056ad8fbe61e0c195b483d73591a06bcae09
  SnapKit: 97b92857e3df3a0c71833cce143274bf6ef8e5eb

PODFILE CHECKSUM: b0fca0a4ea2a59c9895bdb1d83f59e95c1e42a0d

COCOAPODS: 1.10.1
